<?xml version="1.0" encoding="utf-8"?>
<Project ToolsVersion="4.0" xmlns="http://schemas.microsoft.com/developer/msbuild/2003">
  <ItemGroup>
    <Filter Include="源文件">
      <UniqueIdentifier>{4FC737F1-C7A5-4376-A066-2A32D752A2FF}</UniqueIdentifier>
      <Extensions>cpp;c;cc;cxx;def;odl;idl;hpj;bat;asm;asmx</Extensions>
    </Filter>
    <Filter Include="头文件">
      <UniqueIdentifier>{93995380-89BD-4b04-88EB-625FBE52EBFB}</UniqueIdentifier>
      <Extensions>h;hh;hpp;hxx;hm;inl;inc;ipp;xsd</Extensions>
    </Filter>
    <Filter Include="资源文件">
      <UniqueIdentifier>{67DA6AB6-F800-4c08-8B7A-83BB121AAD01}</UniqueIdentifier>
      <Extensions>rc;ico;cur;bmp;dlg;rc2;rct;bin;rgs;gif;jpg;jpeg;jpe;resx;tiff;tif;png;wav;mfcribbon-ms</Extensions>
    </Filter>
  </ItemGroup>
  <ItemGroup>
    <ClCompile Include="Snaker.cpp">
      <Filter>源文件</Filter>
    </ClCompile>
    <ClCompile Include="Menu.cpp">
      <Filter>源文件</Filter>
    </ClCompile>
    <ClCompile Include="auxiliary.cpp">
      <Filter>源文件</Filter>
    </ClCompile>
    <ClCompile Include="Archive reading.cpp">
      <Filter>源文件</Filter>
    </ClCompile>
    <ClCompile Include="CustomerMap.cpp">
      <Filter>源文件</Filter>
    </ClCompile>
    <ClCompile Include="main.cpp">
      <Filter>源文件</Filter>
    </ClCompile>
    <ClCompile Include="Food.cpp">
      <Filter>源文件</Filter>
    </ClCompile>
    <ClCompile Include="Poison.cpp">
      <Filter>源文件</Filter>
    </ClCompile>
    <ClCompile Include="Random_Obstacles.cpp">
      <Filter>源文件</Filter>
    </ClCompile>
    <ClCompile Include="User operation.cpp">
      <Filter>源文件</Filter>
    </ClCompile>
    <ClCompile Include="StartGame.cpp">
      <Filter>源文件</Filter>
    </ClCompile>
    <ClCompile Include="Archive Save.cpp">
      <Filter>源文件</Filter>
    </ClCompile>
    <ClCompile Include="Archive Game option.cpp">
      <Filter>源文件</Filter>
    </ClCompile>
    <ClCompile Include="DrawMap.cpp">
      <Filter>源文件</Filter>
    </ClCompile>
    <ClCompile Include="Snakehead.cpp">
      <Filter>源文件</Filter>
    </ClCompile>
    <ClCompile Include="Snaketail.cpp">
      <Filter>源文件</Filter>
    </ClCompile>
    <ClCompile Include="Challengelevel.cpp">
      <Filter>源文件</Filter>
    </ClCompile>
    <ClCompile Include="ChallengeShow.cpp">
      <Filter>源文件</Filter>
    </ClCompile>
    <ClCompile Include="MapInitialization.cpp">
      <Filter>源文件</Filter>
    </ClCompile>
  </ItemGroup>
  <ItemGroup>
    <ClInclude Include="Snaker.h">
      <Filter>头文件</Filter>
    </ClInclude>
    <ClInclude Include="Menu.h">
      <Filter>头文件</Filter>
    </ClInclude>
    <ClInclude Include="auxiliary.h">
      <Filter>头文件</Filter>
    </ClInclude>
    <ClInclude Include="Archive reading.h">
      <Filter>头文件</Filter>
    </ClInclude>
    <ClInclude Include="CustomerMap.h">
      <Filter>头文件</Filter>
    </ClInclude>
    <ClInclude Include="Food.h">
      <Filter>头文件</Filter>
    </ClInclude>
    <ClInclude Include="Poison.h">
      <Filter>头文件</Filter>
    </ClInclude>
    <ClInclude Include="Random_Obstacles.h">
      <Filter>头文件</Filter>
    </ClInclude>
    <ClInclude Include="User operation.h">
      <Filter>头文件</Filter>
    </ClInclude>
    <ClInclude Include="StartGame.h">
      <Filter>头文件</Filter>
    </ClInclude>
    <ClInclude Include="Archive Save.h">
      <Filter>头文件</Filter>
    </ClInclude>
    <ClInclude Include="Archive Game option.h">
      <Filter>头文件</Filter>
    </ClInclude>
    <ClInclude Include="DrawMap.h">
      <Filter>头文件</Filter>
    </ClInclude>
    <ClInclude Include="Snakehead.h">
      <Filter>头文件</Filter>
    </ClInclude>
    <ClInclude Include="Snaketail.h">
      <Filter>头文件</Filter>
    </ClInclude>
    <ClInclude Include="resource.h">
      <Filter>头文件</Filter>
    </ClInclude>
    <ClInclude Include="Challengelevel.h">
      <Filter>头文件</Filter>
    </ClInclude>
    <ClInclude Include="ChallengeShow.h">
      <Filter>头文件</Filter>
    </ClInclude>
    <ClInclude Include="MapInitialization.h">
      <Filter>头文件</Filter>
    </ClInclude>
    <ClInclude Include="resource1.h">
      <Filter>头文件</Filter>
    </ClInclude>
    <ClInclude Include="resource2.h">
      <Filter>头文件</Filter>
    </ClInclude>
  </ItemGroup>
  <ItemGroup>
    <ResourceCompile Include="Retro Snaker.rc">
      <Filter>资源文件</Filter>
    </ResourceCompile>
  </ItemGroup>
  <ItemGroup>
    <Image Include="\\mac\Home\Downloads\bitbug_favicon.ico">
      <Filter>资源文件</Filter>
    </Image>
  </ItemGroup>
</Project>